
Microsoft Visual Studio Solution File, Format Version 12.00
# Visual Studio 15
VisualStudioVersion = 15.0.26228.9
MinimumVisualStudioVersion = 10.0.40219.1
Project("{8BC9CEB8-8B4A-11D0-8D11-00A0C91BC942}") = "ffms2", "ffms2.vcxproj", "{2CF8C7D2-55E5-4861-A58A-A79B84D0D9EA}"
EndProject
Project("{8BC9CEB8-8B4A-11D0-8D11-00A0C91BC942}") = "ffmsindex", "ffmsindex.vcxproj", "{8665C229-CA77-4B41-ADC5-F3998F0C85A6}"
	ProjectSection(ProjectDependencies) = postProject
		{2CF8C7D2-55E5-4861-A58A-A79B84D0D9EA} = {2CF8C7D2-55E5-4861-A58A-A79B84D0D9EA}
	EndProjectSection
EndProject
Global
	GlobalSection(SolutionConfigurationPlatforms) = preSolution
		Debug|x64 = Debug|x64
		Debug|x86 = Debug|x86
		Release|x64 = Release|x64
		Release|x86 = Release|x86
	EndGlobalSection
	GlobalSection(ProjectConfigurationPlatforms) = postSolution
		{2CF8C7D2-55E5-4861-A58A-A79B84D0D9EA}.Debug|x64.ActiveCfg = Debug|x64
		{2CF8C7D2-55E5-4861-A58A-A79B84D0D9EA}.Debug|x64.Build.0 = Debug|x64
		{2CF8C7D2-55E5-4861-A58A-A79B84D0D9EA}.Debug|x86.ActiveCfg = Debug|Win32
		{2CF8C7D2-55E5-4861-A58A-A79B84D0D9EA}.Debug|x86.Build.0 = Debug|Win32
		{2CF8C7D2-55E5-4861-A58A-A79B84D0D9EA}.Release|x64.ActiveCfg = Release|x64
		{2CF8C7D2-55E5-4861-A58A-A79B84D0D9EA}.Release|x64.Build.0 = Release|x64
		{2CF8C7D2-55E5-4861-A58A-A79B84D0D9EA}.Release|x86.ActiveCfg = Release|Win32
		{2CF8C7D2-55E5-4861-A58A-A79B84D0D9EA}.Release|x86.Build.0 = Release|Win32
		{8665C229-CA77-4B41-ADC5-F3998F0C85A6}.Debug|x64.ActiveCfg = Debug|x64
		{8665C229-CA77-4B41-ADC5-F3998F0C85A6}.Debug|x64.Build.0 = Debug|x64
		{8665C229-CA77-4B41-ADC5-F3998F0C85A6}.Debug|x86.ActiveCfg = Debug|Win32
		{8665C229-CA77-4B41-ADC5-F3998F0C85A6}.Debug|x86.Build.0 = Debug|Win32
		{8665C229-CA77-4B41-ADC5-F3998F0C85A6}.Release|x64.ActiveCfg = Release|x64
		{8665C229-CA77-4B41-ADC5-F3998F0C85A6}.Release|x64.Build.0 = Release|x64
		{8665C229-CA77-4B41-ADC5-F3998F0C85A6}.Release|x86.ActiveCfg = Release|Win32
		{8665C229-CA77-4B41-ADC5-F3998F0C85A6}.Release|x86.Build.0 = Release|Win32
	EndGlobalSection
	GlobalSection(SolutionProperties) = preSolution
		HideSolutionNode = FALSE
	EndGlobalSection
EndGlobal
