<?xml version="1.0" encoding="utf-8"?>
<Project ToolsVersion="4.0" xmlns="http://schemas.microsoft.com/developer/msbuild/2003">
  <ItemGroup>
    <Filter Include="Audio">
      <UniqueIdentifier>{ed366ac0-ef41-4c15-b40e-4db3c76b17db}</UniqueIdentifier>
    </Filter>
    <Filter Include="Indexing">
      <UniqueIdentifier>{a5f150b5-ae8e-448c-a724-bbdca106ea10}</UniqueIdentifier>
    </Filter>
    <Filter Include="Video">
      <UniqueIdentifier>{14a03221-39fc-4803-b677-e90f2290666b}</UniqueIdentifier>
    </Filter>
    <Filter Include="API">
      <UniqueIdentifier>{132a91ed-71ff-4574-aba8-09d496869832}</UniqueIdentifier>
    </Filter>
    <Filter Include="Utils">
      <UniqueIdentifier>{7e197647-eb8c-44bc-b6d8-6368b242478c}</UniqueIdentifier>
    </Filter>
    <Filter Include="Avisynth">
      <UniqueIdentifier>{fab6c2c7-eeae-4009-a932-fc079402db63}</UniqueIdentifier>
    </Filter>
    <Filter Include="Config">
      <UniqueIdentifier>{ac81097c-9043-43fa-a184-ea4c22091059}</UniqueIdentifier>
    </Filter>
  </ItemGroup>
  <ItemGroup>
    <ClCompile Include="..\src\core\audiosource.cpp">
      <Filter>Audio</Filter>
    </ClCompile>
    <ClCompile Include="..\src\core\haaliaudio.cpp">
      <Filter>Audio</Filter>
    </ClCompile>
    <ClCompile Include="..\src\core\lavfaudio.cpp">
      <Filter>Audio</Filter>
    </ClCompile>
    <ClCompile Include="..\src\core\matroskaaudio.cpp">
      <Filter>Audio</Filter>
    </ClCompile>
    <ClCompile Include="..\src\core\haaliindexer.cpp">
      <Filter>Indexing</Filter>
    </ClCompile>
    <ClCompile Include="..\src\core\indexing.cpp">
      <Filter>Indexing</Filter>
    </ClCompile>
    <ClCompile Include="..\src\core\lavfindexer.cpp">
      <Filter>Indexing</Filter>
    </ClCompile>
    <ClCompile Include="..\src\core\matroskaindexer.cpp">
      <Filter>Indexing</Filter>
    </ClCompile>
    <ClCompile Include="..\src\core\haalivideo.cpp">
      <Filter>Video</Filter>
    </ClCompile>
    <ClCompile Include="..\src\core\lavfvideo.cpp">
      <Filter>Video</Filter>
    </ClCompile>
    <ClCompile Include="..\src\core\matroskavideo.cpp">
      <Filter>Video</Filter>
    </ClCompile>
    <ClCompile Include="..\src\core\videosource.cpp">
      <Filter>Video</Filter>
    </ClCompile>
    <ClCompile Include="..\src\core\ffms.cpp">
      <Filter>API</Filter>
    </ClCompile>
    <ClCompile Include="..\src\core\codectype.cpp">
      <Filter>Utils</Filter>
    </ClCompile>
    <ClCompile Include="..\src\core\matroskaparser.c">
      <Filter>Utils</Filter>
    </ClCompile>
    <ClCompile Include="..\src\core\numthreads.cpp">
      <Filter>Utils</Filter>
    </ClCompile>
    <ClCompile Include="..\src\core\stdiostream.c">
      <Filter>Utils</Filter>
    </ClCompile>
    <ClCompile Include="..\src\core\utils.cpp">
      <Filter>Utils</Filter>
    </ClCompile>
    <ClCompile Include="..\src\core\wave64writer.cpp">
      <Filter>Utils</Filter>
    </ClCompile>
    <ClCompile Include="..\src\avisynth\avisynth.cpp">
      <Filter>Avisynth</Filter>
    </ClCompile>
    <ClCompile Include="..\src\avisynth\avssources.cpp">
      <Filter>Avisynth</Filter>
    </ClCompile>
    <ClCompile Include="..\src\avisynth\avsutils.cpp">
      <Filter>Avisynth</Filter>
    </ClCompile>
    <ClCompile Include="..\src\avisynth\ffswscale.cpp">
      <Filter>Avisynth</Filter>
    </ClCompile>
    <ClCompile Include="..\src\config\libs.cpp">
      <Filter>Config</Filter>
    </ClCompile>
    <ClCompile Include="..\src\core\videoutils.cpp">
      <Filter>Video</Filter>
    </ClCompile>
  </ItemGroup>
  <ItemGroup>
    <ClInclude Include="..\src\core\audiosource.h">
      <Filter>Audio</Filter>
    </ClInclude>
    <ClInclude Include="..\src\core\indexing.h">
      <Filter>Indexing</Filter>
    </ClInclude>
    <ClInclude Include="..\src\core\videosource.h">
      <Filter>Video</Filter>
    </ClInclude>
    <ClInclude Include="..\include\ffms.h">
      <Filter>API</Filter>
    </ClInclude>
    <ClInclude Include="..\src\core\coparser.h">
      <Filter>Utils</Filter>
    </ClInclude>
    <ClInclude Include="..\src\core\codectype.h">
      <Filter>Utils</Filter>
    </ClInclude>
    <ClInclude Include="..\include\ffmscompat.h">
      <Filter>Utils</Filter>
    </ClInclude>
    <ClInclude Include="..\src\core\guids.h">
      <Filter>Utils</Filter>
    </ClInclude>
    <ClInclude Include="..\src\core\matroskaparser.h">
      <Filter>Utils</Filter>
    </ClInclude>
    <ClInclude Include="..\src\core\numthreads.h">
      <Filter>Utils</Filter>
    </ClInclude>
    <ClInclude Include="..\src\core\stdiostream.h">
      <Filter>Utils</Filter>
    </ClInclude>
    <ClInclude Include="..\src\core\utils.h">
      <Filter>Utils</Filter>
    </ClInclude>
    <ClInclude Include="..\src\core\wave64writer.h">
      <Filter>Utils</Filter>
    </ClInclude>
    <ClInclude Include="..\src\avisynth\avisynth.h">
      <Filter>Avisynth</Filter>
    </ClInclude>
    <ClInclude Include="..\src\avisynth\avssources.h">
      <Filter>Avisynth</Filter>
    </ClInclude>
    <ClInclude Include="..\src\avisynth\avsutils.h">
      <Filter>Avisynth</Filter>
    </ClInclude>
    <ClInclude Include="..\src\avisynth\ffswscale.h">
      <Filter>Avisynth</Filter>
    </ClInclude>
    <ClInclude Include="..\src\config\msvc-config.h">
      <Filter>Config</Filter>
    </ClInclude>
    <ClInclude Include="..\src\core\videoutils.h">
      <Filter>Video</Filter>
    </ClInclude>
  </ItemGroup>
</Project>