<?xml version="1.0" encoding="utf-8"?>
<Project ToolsVersion="4.0" xmlns="http://schemas.microsoft.com/developer/msbuild/2003">
  <ItemGroup>
    <Filter Include="API">
      <UniqueIdentifier>{5e4ea0a8-9b1a-49ee-8b02-e498d4d5cc80}</UniqueIdentifier>
    </Filter>
    <Filter Include="Audio">
      <UniqueIdentifier>{94e424bf-1254-46b5-9282-7c6b99280638}</UniqueIdentifier>
    </Filter>
    <Filter Include="Utils">
      <UniqueIdentifier>{e25264ca-e3fd-4fd6-a1d1-839ae9b2ade2}</UniqueIdentifier>
    </Filter>
    <Filter Include="Indexing">
      <UniqueIdentifier>{731b163b-dd24-4aba-8bef-86c3b364157e}</UniqueIdentifier>
    </Filter>
    <Filter Include="Video">
      <UniqueIdentifier>{a2513788-a12f-43c1-99aa-b9f20cd6a099}</UniqueIdentifier>
    </Filter>
    <Filter Include="Vapoursynth">
      <UniqueIdentifier>{8cc15f2a-6612-4e85-96b3-d3abfe15ddab}</UniqueIdentifier>
    </Filter>
    <Filter Include="Avisynth">
      <UniqueIdentifier>{95efeead-393a-4518-b1f2-9b8b6bb8c3d6}</UniqueIdentifier>
    </Filter>
  </ItemGroup>
  <ItemGroup>
    <ClCompile Include="..\src\core\ffms.cpp">
      <Filter>API</Filter>
    </ClCompile>
    <ClCompile Include="..\src\core\filehandle.cpp">
      <Filter>Utils</Filter>
    </ClCompile>
    <ClCompile Include="..\src\core\utils.cpp">
      <Filter>Utils</Filter>
    </ClCompile>
    <ClCompile Include="..\src\core\zipfile.cpp">
      <Filter>Utils</Filter>
    </ClCompile>
    <ClCompile Include="..\src\core\videosource.cpp">
      <Filter>Video</Filter>
    </ClCompile>
    <ClCompile Include="..\src\core\videoutils.cpp">
      <Filter>Video</Filter>
    </ClCompile>
    <ClCompile Include="..\src\vapoursynth\vapoursource.cpp">
      <Filter>Vapoursynth</Filter>
    </ClCompile>
    <ClCompile Include="..\src\vapoursynth\vapoursynth.cpp">
      <Filter>Vapoursynth</Filter>
    </ClCompile>
    <ClCompile Include="..\src\core\indexing.cpp">
      <Filter>Indexing</Filter>
    </ClCompile>
    <ClCompile Include="..\src\core\track.cpp">
      <Filter>Indexing</Filter>
    </ClCompile>
    <ClCompile Include="..\src\core\audiosource.cpp">
      <Filter>Audio</Filter>
    </ClCompile>
    <ClCompile Include="..\src\avisynth\avisynth.cpp">
      <Filter>Avisynth</Filter>
    </ClCompile>
    <ClCompile Include="..\src\avisynth\avssources.cpp">
      <Filter>Avisynth</Filter>
    </ClCompile>
    <ClCompile Include="..\src\vapoursynth\vapoursource4.cpp">
      <Filter>Vapoursynth</Filter>
    </ClCompile>
    <ClCompile Include="..\src\vapoursynth\vapoursynth4.cpp">
      <Filter>Vapoursynth</Filter>
    </ClCompile>
  </ItemGroup>
  <ItemGroup>
    <ClInclude Include="..\include\ffms.h">
      <Filter>API</Filter>
    </ClInclude>
    <ClInclude Include="..\src\core\filehandle.h">
      <Filter>Utils</Filter>
    </ClInclude>
    <ClInclude Include="..\src\core\utils.h">
      <Filter>Utils</Filter>
    </ClInclude>
    <ClInclude Include="..\src\core\zipfile.h">
      <Filter>Utils</Filter>
    </ClInclude>
    <ClInclude Include="..\include\ffmscompat.h">
      <Filter>Utils</Filter>
    </ClInclude>
    <ClInclude Include="..\src\core\videosource.h">
      <Filter>Video</Filter>
    </ClInclude>
    <ClInclude Include="..\src\core\videoutils.h">
      <Filter>Video</Filter>
    </ClInclude>
    <ClInclude Include="..\src\vapoursynth\vapoursource.h">
      <Filter>Vapoursynth</Filter>
    </ClInclude>
    <ClInclude Include="..\src\vapoursynth\VapourSynth.h">
      <Filter>Vapoursynth</Filter>
    </ClInclude>
    <ClInclude Include="..\src\vapoursynth\VSHelper.h">
      <Filter>Vapoursynth</Filter>
    </ClInclude>
    <ClInclude Include="..\src\core\indexing.h">
      <Filter>Indexing</Filter>
    </ClInclude>
    <ClInclude Include="..\src\core\track.h">
      <Filter>Indexing</Filter>
    </ClInclude>
    <ClInclude Include="..\src\core\audiosource.h">
      <Filter>Audio</Filter>
    </ClInclude>
    <ClInclude Include="..\src\avisynth\avssources.h">
      <Filter>Avisynth</Filter>
    </ClInclude>
    <ClInclude Include="..\src\vapoursynth\vapoursource4.h">
      <Filter>Vapoursynth</Filter>
    </ClInclude>
    <ClInclude Include="..\src\vapoursynth\VapourSynth4.h">
      <Filter>Vapoursynth</Filter>
    </ClInclude>
    <ClInclude Include="..\src\vapoursynth\VSHelper4.h">
      <Filter>Vapoursynth</Filter>
    </ClInclude>
  </ItemGroup>
</Project>